
Microsoft Visual Studio Solution File, Format Version 12.00
# Visual Studio Version 17
VisualStudioVersion = 17.12.35527.113 d17.12
MinimumVisualStudioVersion = 10.0.40219.1
Project("{FAE04EC0-301F-11D3-BF4B-00C04F79EFBC}") = "mPath", "mPath\mPath.csproj", "{7628E9D0-9909-420E-B1A0-B4E1C2A08FBB}"
EndProject
Global
	GlobalSection(SolutionConfigurationPlatforms) = preSolution
		Debug|Any CPU = Debug|Any CPU
		Release|Any CPU = Release|Any CPU
	EndGlobalSection
	GlobalSection(ProjectConfigurationPlatforms) = postSolution
		{7628E9D0-9909-420E-B1A0-B4E1C2A08FBB}.Debug|Any CPU.ActiveCfg = Debug|Any CPU
		{7628E9D0-9909-420E-B1A0-B4E1C2A08FBB}.Debug|Any CPU.Build.0 = Debug|Any CPU
		{7628E9D0-9909-420E-B1A0-B4E1C2A08FBB}.Release|Any CPU.ActiveCfg = Release|Any CPU
		{7628E9D0-9909-420E-B1A0-B4E1C2A08FBB}.Release|Any CPU.Build.0 = Release|Any CPU
	EndGlobalSection
	GlobalSection(SolutionProperties) = preSolution
		HideSolutionNode = FALSE
	EndGlobalSection
EndGlobal
